
Microsoft Visual Studio Solution File, Format Version 11.00
# Visual C# Express 2010
Project("{FAE04EC0-301F-11D3-BF4B-00C04F79EFBC}") = "RadioPusher2", "RadioPusher2\RadioPusher2.csproj", "{A9F1FADF-A4AA-4873-9A0B-4956F5F76FBD}"
EndProject
Global
	GlobalSection(SolutionConfigurationPlatforms) = preSolution
		Debug|Any CPU = Debug|Any CPU
		Release|Any CPU = Release|Any CPU
	EndGlobalSection
	GlobalSection(ProjectConfigurationPlatforms) = postSolution
		{A9F1FADF-A4AA-4873-9A0B-4956F5F76FBD}.Debug|Any CPU.ActiveCfg = Debug|Any CPU
		{A9F1FADF-A4AA-4873-9A0B-4956F5F76FBD}.Debug|Any CPU.Build.0 = Debug|Any CPU
		{A9F1FADF-A4AA-4873-9A0B-4956F5F76FBD}.Release|Any CPU.ActiveCfg = Release|Any CPU
		{A9F1FADF-A4AA-4873-9A0B-4956F5F76FBD}.Release|Any CPU.Build.0 = Release|Any CPU
	EndGlobalSection
	GlobalSection(SolutionProperties) = preSolution
		HideSolutionNode = FALSE
	EndGlobalSection
EndGlobal
